<?xml version="1.0" encoding="utf-8"?>
<Project ToolsVersion="4.0" xmlns="http://schemas.microsoft.com/developer/msbuild/2003">
  <ItemGroup>
    <Filter Include="Pliki źródłowe">
      <UniqueIdentifier>{4FC737F1-C7A5-4376-A066-2A32D752A2FF}</UniqueIdentifier>
      <Extensions>cpp;c;cc;cxx;c++;cppm;ixx;def;odl;idl;hpj;bat;asm;asmx</Extensions>
    </Filter>
    <Filter Include="Pliki nagłówkowe">
      <UniqueIdentifier>{93995380-89BD-4b04-88EB-625FBE52EBFB}</UniqueIdentifier>
      <Extensions>h;hh;hpp;hxx;h++;hm;inl;inc;ipp;xsd</Extensions>
    </Filter>
    <Filter Include="Pliki zasobów">
      <UniqueIdentifier>{67DA6AB6-F800-4c08-8B7A-83BB121AAD01}</UniqueIdentifier>
      <Extensions>rc;ico;cur;bmp;dlg;rc2;rct;bin;rgs;gif;jpg;jpeg;jpe;resx;tiff;tif;png;wav;mfcribbon-ms</Extensions>
    </Filter>
    <Filter Include="Pliki nagłówkowe\Menu">
      <UniqueIdentifier>{5ff41b80-0ed3-4c69-9bce-19242b4c8963}</UniqueIdentifier>
    </Filter>
    <Filter Include="Pliki nagłówkowe\Input">
      <UniqueIdentifier>{40043553-5fb4-412d-a33a-1335711974e4}</UniqueIdentifier>
    </Filter>
  </ItemGroup>
  <ItemGroup>
    <ClInclude Include="pch.hpp">
      <Filter>Pliki nagłówkowe</Filter>
    </ClInclude>
    <ClInclude Include="..\include\mcui.hpp">
      <Filter>Pliki nagłówkowe</Filter>
    </ClInclude>
    <ClInclude Include="..\include\mcui_libs.hpp">
      <Filter>Pliki nagłówkowe</Filter>
    </ClInclude>
    <ClInclude Include="..\include\mcui_types.hpp">
      <Filter>Pliki nagłówkowe</Filter>
    </ClInclude>
    <ClInclude Include="..\include\Input.hpp">
      <Filter>Pliki nagłówkowe\Input</Filter>
    </ClInclude>
    <ClInclude Include="..\include\InputBuilder.hpp">
      <Filter>Pliki nagłówkowe\Input</Filter>
    </ClInclude>
    <ClInclude Include="..\include\InputElement.hpp">
      <Filter>Pliki nagłówkowe\Input</Filter>
    </ClInclude>
    <ClInclude Include="..\include\InputSequence.hpp">
      <Filter>Pliki nagłówkowe\Input</Filter>
    </ClInclude>
    <ClInclude Include="..\include\Menu.hpp">
      <Filter>Pliki nagłówkowe\Menu</Filter>
    </ClInclude>
    <ClInclude Include="..\include\MenuBuilder.hpp">
      <Filter>Pliki nagłówkowe\Menu</Filter>
    </ClInclude>
    <ClInclude Include="..\include\MenuElement.hpp">
      <Filter>Pliki nagłówkowe\Menu</Filter>
    </ClInclude>
    <ClInclude Include="..\include\MenuViews.hpp">
      <Filter>Pliki nagłówkowe\Menu</Filter>
    </ClInclude>
    <ClInclude Include="..\include\MenuOption.hpp">
      <Filter>Pliki nagłówkowe\Menu</Filter>
    </ClInclude>
    <ClInclude Include="..\include\mcui_config.hpp">
      <Filter>Pliki nagłówkowe</Filter>
    </ClInclude>
  </ItemGroup>
  <ItemGroup>
    <ClCompile Include="pch.cpp">
      <Filter>Pliki źródłowe</Filter>
    </ClCompile>
  </ItemGroup>
</Project>